
Microsoft Visual Studio Solution File, Format Version 12.00
# Visual Studio Version 16
VisualStudioVersion = 16.0.32228.343
MinimumVisualStudioVersion = 10.0.40219.1
Project("{FAE04EC0-301F-11D3-BF4B-00C04F79EFBC}") = "MasterPagesDemo", "MasterPagesDemo\MasterPagesDemo.csproj", "{B974B0E4-98B4-450E-B8B2-324D38619936}"
EndProject
Global
	GlobalSection(SolutionConfigurationPlatforms) = preSolution
		Debug|Any CPU = Debug|Any CPU
		Release|Any CPU = Release|Any CPU
	EndGlobalSection
	GlobalSection(ProjectConfigurationPlatforms) = postSolution
		{B974B0E4-98B4-450E-B8B2-324D38619936}.Debug|Any CPU.ActiveCfg = Debug|Any CPU
		{B974B0E4-98B4-450E-B8B2-324D38619936}.Debug|Any CPU.Build.0 = Debug|Any CPU
		{B974B0E4-98B4-450E-B8B2-324D38619936}.Release|Any CPU.ActiveCfg = Release|Any CPU
		{B974B0E4-98B4-450E-B8B2-324D38619936}.Release|Any CPU.Build.0 = Release|Any CPU
	EndGlobalSection
	GlobalSection(SolutionProperties) = preSolution
		HideSolutionNode = FALSE
	EndGlobalSection
	GlobalSection(ExtensibilityGlobals) = postSolution
		SolutionGuid = {518228A4-A55E-4217-9C4A-32C9B365D4AD}
	EndGlobalSection
EndGlobal
